// !$*UTF8*$!
{
	archiveVersion = 1;
	classes = {
	};
	objectVersion = 46;
	objects = {

/* Begin PBXBuildFile section */
		2574CBA818FDA52400DF2254 /* CoreData.framework in Frameworks */ = {isa = PBXBuildFile; fileRef = 2574CBA718FDA52400DF2254 /* CoreData.framework */; };
		25FCA76A1900693A00C0AA85 /* AmigosVC.m in Sources */ = {isa = PBXBuildFile; fileRef = 25FCA7521900693A00C0AA85 /* AmigosVC.m */; };
		25FCA76B1900693A00C0AA85 /* BafometroVC.m in Sources */ = {isa = PBXBuildFile; fileRef = 25FCA7541900693A00C0AA85 /* BafometroVC.m */; };
		25FCA76C1900693A00C0AA85 /* LoginVC.m in Sources */ = {isa = PBXBuildFile; fileRef = 25FCA7561900693A00C0AA85 /* LoginVC.m */; };
		25FCA76E1900693A00C0AA85 /* MainTabVC.m in Sources */ = {isa = PBXBuildFile; fileRef = 25FCA7591900693A00C0AA85 /* MainTabVC.m */; };
		25FCA76F1900693A00C0AA85 /* MapaVC.m in Sources */ = {isa = PBXBuildFile; fileRef = 25FCA75B1900693A00C0AA85 /* MapaVC.m */; };
		25FCA7701900693A00C0AA85 /* Model.xcdatamodeld in Sources */ = {isa = PBXBuildFile; fileRef = 25FCA75C1900693A00C0AA85 /* Model.xcdatamodeld */; };
		25FCA7711900693A00C0AA85 /* MyScene.m in Sources */ = {isa = PBXBuildFile; fileRef = 25FCA75F1900693A00C0AA85 /* MyScene.m */; };
		25FCA7721900693A00C0AA85 /* OnibusVC.m in Sources */ = {isa = PBXBuildFile; fileRef = 25FCA7611900693A00C0AA85 /* OnibusVC.m */; };
		25FCA7731900693A00C0AA85 /* SettingsVC.m in Sources */ = {isa = PBXBuildFile; fileRef = 25FCA7631900693A00C0AA85 /* SettingsVC.m */; };
		25FCA7741900693A00C0AA85 /* SocialVC.m in Sources */ = {isa = PBXBuildFile; fileRef = 25FCA7651900693A00C0AA85 /* SocialVC.m */; };
		25FCA7751900693A00C0AA85 /* TaxiVC.m in Sources */ = {isa = PBXBuildFile; fileRef = 25FCA7671900693A00C0AA85 /* TaxiVC.m */; };
		25FCA7761900693A00C0AA85 /* ViewController.m in Sources */ = {isa = PBXBuildFile; fileRef = 25FCA7691900693A00C0AA85 /* ViewController.m */; };
		25FCA78B1900694400C0AA85 /* 14169905_s.jpg in Resources */ = {isa = PBXBuildFile; fileRef = 25FCA7781900694400C0AA85 /* 14169905_s.jpg */; };
		25FCA78C1900694400C0AA85 /* cabeca.png in Resources */ = {isa = PBXBuildFile; fileRef = 25FCA7791900694400C0AA85 /* cabeca.png */; };
		25FCA78D1900694400C0AA85 /* dologo.png in Resources */ = {isa = PBXBuildFile; fileRef = 25FCA77A1900694400C0AA85 /* dologo.png */; };
		25FCA78E1900694400C0AA85 /* bus25.png in Resources */ = {isa = PBXBuildFile; fileRef = 25FCA77C1900694400C0AA85 /* bus25.png */; };
		25FCA78F1900694400C0AA85 /* facebook24.png in Resources */ = {isa = PBXBuildFile; fileRef = 25FCA77D1900694400C0AA85 /* facebook24.png */; };
		25FCA7901900694400C0AA85 /* hands-shake.png in Resources */ = {isa = PBXBuildFile; fileRef = 25FCA77E1900694400C0AA85 /* hands-shake.png */; };
		25FCA7911900694400C0AA85 /* locateButton.png in Resources */ = {isa = PBXBuildFile; fileRef = 25FCA77F1900694400C0AA85 /* locateButton.png */; };
		25FCA7921900694400C0AA85 /* locateButton@2x.png in Resources */ = {isa = PBXBuildFile; fileRef = 25FCA7801900694400C0AA85 /* locateButton@2x.png */; };
		25FCA7931900694400C0AA85 /* location.png in Resources */ = {isa = PBXBuildFile; fileRef = 25FCA7811900694400C0AA85 /* location.png */; };
		25FCA7941900694400C0AA85 /* location@2x.png in Resources */ = {isa = PBXBuildFile; fileRef = 25FCA7821900694400C0AA85 /* location@2x.png */; };
		25FCA7951900694400C0AA85 /* map32.png in Resources */ = {isa = PBXBuildFile; fileRef = 25FCA7831900694400C0AA85 /* map32.png */; };
		25FCA7961900694400C0AA85 /* rsz_map32.png in Resources */ = {isa = PBXBuildFile; fileRef = 25FCA7841900694400C0AA85 /* rsz_map32.png */; };
		25FCA7971900694400C0AA85 /* taxi1.png in Resources */ = {isa = PBXBuildFile; fileRef = 25FCA7851900694400C0AA85 /* taxi1.png */; };
		25FCA7981900694400C0AA85 /* telephone45.png in Resources */ = {isa = PBXBuildFile; fileRef = 25FCA7861900694400C0AA85 /* telephone45.png */; };
		25FCA7991900694400C0AA85 /* tools.png in Resources */ = {isa = PBXBuildFile; fileRef = 25FCA7871900694400C0AA85 /* tools.png */; };
		25FCA79A1900694400C0AA85 /* unhealthy.png in Resources */ = {isa = PBXBuildFile; fileRef = 25FCA7881900694400C0AA85 /* unhealthy.png */; };
		25FCA79B1900694400C0AA85 /* Mussum.jpg in Resources */ = {isa = PBXBuildFile; fileRef = 25FCA7891900694400C0AA85 /* Mussum.jpg */; };
		25FCA79C1900694400C0AA85 /* Spaceship.png in Resources */ = {isa = PBXBuildFile; fileRef = 25FCA78A1900694400C0AA85 /* Spaceship.png */; };
		25FCA79E19006A5A00C0AA85 /* FacebookSDK.framework in Frameworks */ = {isa = PBXBuildFile; fileRef = 25FCA79D19006A5A00C0AA85 /* FacebookSDK.framework */; };
		25FCA7A41900739800C0AA85 /* DTAlertView.m in Sources */ = {isa = PBXBuildFile; fileRef = 25FCA7A11900739800C0AA85 /* DTAlertView.m */; };
		25FCA7A51900739800C0AA85 /* DTProgressStatus.m in Sources */ = {isa = PBXBuildFile; fileRef = 25FCA7A31900739800C0AA85 /* DTProgressStatus.m */; };
		F70D6E8E18F8A99000238937 /* Foundation.framework in Frameworks */ = {isa = PBXBuildFile; fileRef = F70D6E8D18F8A99000238937 /* Foundation.framework */; };
		F70D6E9018F8A99000238937 /* CoreGraphics.framework in Frameworks */ = {isa = PBXBuildFile; fileRef = F70D6E8F18F8A99000238937 /* CoreGraphics.framework */; };
		F70D6E9218F8A99000238937 /* UIKit.framework in Frameworks */ = {isa = PBXBuildFile; fileRef = F70D6E9118F8A99000238937 /* UIKit.framework */; };
		F70D6E9818F8A99000238937 /* InfoPlist.strings in Resources */ = {isa = PBXBuildFile; fileRef = F70D6E9618F8A99000238937 /* InfoPlist.strings */; };
		F70D6E9A18F8A99000238937 /* main.m in Sources */ = {isa = PBXBuildFile; fileRef = F70D6E9918F8A99000238937 /* main.m */; };
		F70D6E9E18F8A99000238937 /* AppDelegate.m in Sources */ = {isa = PBXBuildFile; fileRef = F70D6E9D18F8A99000238937 /* AppDelegate.m */; };
		F70D6EA118F8A99000238937 /* Main_iPhone.storyboard in Resources */ = {isa = PBXBuildFile; fileRef = F70D6E9F18F8A99000238937 /* Main_iPhone.storyboard */; };
		F70D6EAC18F8A99000238937 /* Images.xcassets in Resources */ = {isa = PBXBuildFile; fileRef = F70D6EAB18F8A99000238937 /* Images.xcassets */; };
		F70D6EB318F8A99000238937 /* XCTest.framework in Frameworks */ = {isa = PBXBuildFile; fileRef = F70D6EB218F8A99000238937 /* XCTest.framework */; };
		F70D6EB418F8A99000238937 /* Foundation.framework in Frameworks */ = {isa = PBXBuildFile; fileRef = F70D6E8D18F8A99000238937 /* Foundation.framework */; };
		F70D6EB518F8A99000238937 /* UIKit.framework in Frameworks */ = {isa = PBXBuildFile; fileRef = F70D6E9118F8A99000238937 /* UIKit.framework */; };
		F70D6EBD18F8A99000238937 /* InfoPlist.strings in Resources */ = {isa = PBXBuildFile; fileRef = F70D6EBB18F8A99000238937 /* InfoPlist.strings */; };
		F70D6EBF18F8A99000238937 /* iBafometroTests.m in Sources */ = {isa = PBXBuildFile; fileRef = F70D6EBE18F8A99000238937 /* iBafometroTests.m */; };
		F70D6ECC18F8AA6C00238937 /* MapKit.framework in Frameworks */ = {isa = PBXBuildFile; fileRef = F70D6ECB18F8AA6C00238937 /* MapKit.framework */; };
		F70D6ECE18F8AA7700238937 /* CoreLocation.framework in Frameworks */ = {isa = PBXBuildFile; fileRef = F70D6ECD18F8AA7700238937 /* CoreLocation.framework */; };
		F744607B190185B80078A82E /* Bafometro.m in Sources */ = {isa = PBXBuildFile; fileRef = F744607A190185B80078A82E /* Bafometro.m */; };
		F744607E1901B92C0078A82E /* PontosOnibus.m in Sources */ = {isa = PBXBuildFile; fileRef = F744607D1901B92C0078A82E /* PontosOnibus.m */; };
		F74460801901DAFE0078A82E /* busstop.png in Resources */ = {isa = PBXBuildFile; fileRef = F744607F1901DAFE0078A82E /* busstop.png */; };
		F7A5666B18F8BB6F00B5B20A /* NSString+HexColor.m in Sources */ = {isa = PBXBuildFile; fileRef = F7A5665718F8BB6F00B5B20A /* NSString+HexColor.m */; };
		F7AF810918F9DD840078C410 /* Twitter.framework in Frameworks */ = {isa = PBXBuildFile; fileRef = F7AF810818F9DD840078C410 /* Twitter.framework */; };
		F7AF810B18F9DD930078C410 /* Accounts.framework in Frameworks */ = {isa = PBXBuildFile; fileRef = F7AF810A18F9DD930078C410 /* Accounts.framework */; };
		F7AF810D18F9DDA10078C410 /* Social.framework in Frameworks */ = {isa = PBXBuildFile; fileRef = F7AF810C18F9DDA10078C410 /* Social.framework */; };
		F7AF816518FA264E0078C410 /* PNBar.m in Sources */ = {isa = PBXBuildFile; fileRef = F7AF815218FA264E0078C410 /* PNBar.m */; };
		F7AF816618FA264E0078C410 /* PNBarChart.m in Sources */ = {isa = PBXBuildFile; fileRef = F7AF815418FA264E0078C410 /* PNBarChart.m */; };
		F7AF816718FA264E0078C410 /* PNChartLabel.m in Sources */ = {isa = PBXBuildFile; fileRef = F7AF815818FA264E0078C410 /* PNChartLabel.m */; };
		F7AF816818FA264E0078C410 /* PNCircleChart.m in Sources */ = {isa = PBXBuildFile; fileRef = F7AF815A18FA264E0078C410 /* PNCircleChart.m */; };
		F7AF816918FA264E0078C410 /* PNColor.m in Sources */ = {isa = PBXBuildFile; fileRef = F7AF815C18FA264E0078C410 /* PNColor.m */; };
		F7AF816A18FA264E0078C410 /* PNLineChart.m in Sources */ = {isa = PBXBuildFile; fileRef = F7AF815E18FA264E0078C410 /* PNLineChart.m */; };
		F7AF816B18FA264E0078C410 /* PNLineChartData.m in Sources */ = {isa = PBXBuildFile; fileRef = F7AF816018FA264E0078C410 /* PNLineChartData.m */; };
		F7AF816C18FA264E0078C410 /* PNLineChartDataItem.m in Sources */ = {isa = PBXBuildFile; fileRef = F7AF816218FA264E0078C410 /* PNLineChartDataItem.m */; };
		F7AF816D18FA264E0078C410 /* UICountingLabel.m in Sources */ = {isa = PBXBuildFile; fileRef = F7AF816418FA264E0078C410 /* UICountingLabel.m */; };
		F7AF816F18FA27C80078C410 /* QuartzCore.framework in Frameworks */ = {isa = PBXBuildFile; fileRef = F7AF816E18FA27C80078C410 /* QuartzCore.framework */; };
		F7AF818218FA2A4D0078C410 /* AudioQueueObject.m in Sources */ = {isa = PBXBuildFile; fileRef = F7AF817218FA2A4D0078C410 /* AudioQueueObject.m */; };
		F7AF818318FA2A4D0078C410 /* AudioSignalAnalyzer.m in Sources */ = {isa = PBXBuildFile; fileRef = F7AF817418FA2A4D0078C410 /* AudioSignalAnalyzer.m */; };
		F7AF818418FA2A4D0078C410 /* AudioSignalGenerator.m in Sources */ = {isa = PBXBuildFile; fileRef = F7AF817618FA2A4D0078C410 /* AudioSignalGenerator.m */; };
		F7AF818518FA2A4D0078C410 /* FSKRecognizer.mm in Sources */ = {isa = PBXBuildFile; fileRef = F7AF817B18FA2A4D0078C410 /* FSKRecognizer.mm */; };
		F7AF818618FA2A4D0078C410 /* FSKSerialGenerator.mm in Sources */ = {isa = PBXBuildFile; fileRef = F7AF817D18FA2A4D0078C410 /* FSKSerialGenerator.mm */; };
		F7AF818718FA2A4D0078C410 /* MultiDelegate.m in Sources */ = {isa = PBXBuildFile; fileRef = F7AF818018FA2A4D0078C410 /* MultiDelegate.m */; };
		F7AF819018FB82610078C410 /* Localizable.strings in Resources */ = {isa = PBXBuildFile; fileRef = F7AF818F18FB82610078C410 /* Localizable.strings */; };
/* End PBXBuildFile section */

/* Begin PBXContainerItemProxy section */
		F70D6EB618F8A99000238937 /* PBXContainerItemProxy */ = {
			isa = PBXContainerItemProxy;
			containerPortal = F70D6E8218F8A99000238937 /* Project object */;
			proxyType = 1;
			remoteGlobalIDString = F70D6E8918F8A99000238937;
			remoteInfo = iBafometro;
		};
/* End PBXContainerItemProxy section */

/* Begin PBXFileReference section */
		2574CBA718FDA52400DF2254 /* CoreData.framework */ = {isa = PBXFileReference; lastKnownFileType = wrapper.framework; name = CoreData.framework; path = System/Library/Frameworks/CoreData.framework; sourceTree = SDKROOT; };
		25FCA7511900693A00C0AA85 /* AmigosVC.h */ = {isa = PBXFileReference; fileEncoding = 4; lastKnownFileType = sourcecode.c.h; path = AmigosVC.h; sourceTree = "<group>"; };
		25FCA7521900693A00C0AA85 /* AmigosVC.m */ = {isa = PBXFileReference; fileEncoding = 4; lastKnownFileType = sourcecode.c.objc; path = AmigosVC.m; sourceTree = "<group>"; };
		25FCA7531900693A00C0AA85 /* BafometroVC.h */ = {isa = PBXFileReference; fileEncoding = 4; lastKnownFileType = sourcecode.c.h; path = BafometroVC.h; sourceTree = "<group>"; };
		25FCA7541900693A00C0AA85 /* BafometroVC.m */ = {isa = PBXFileReference; fileEncoding = 4; lastKnownFileType = sourcecode.c.objc; path = BafometroVC.m; sourceTree = "<group>"; };
		25FCA7551900693A00C0AA85 /* LoginVC.h */ = {isa = PBXFileReference; fileEncoding = 4; lastKnownFileType = sourcecode.c.h; path = LoginVC.h; sourceTree = "<group>"; };
		25FCA7561900693A00C0AA85 /* LoginVC.m */ = {isa = PBXFileReference; fileEncoding = 4; lastKnownFileType = sourcecode.c.objc; path = LoginVC.m; sourceTree = "<group>"; };
		25FCA7581900693A00C0AA85 /* MainTabVC.h */ = {isa = PBXFileReference; fileEncoding = 4; lastKnownFileType = sourcecode.c.h; path = MainTabVC.h; sourceTree = "<group>"; };
		25FCA7591900693A00C0AA85 /* MainTabVC.m */ = {isa = PBXFileReference; fileEncoding = 4; lastKnownFileType = sourcecode.c.objc; path = MainTabVC.m; sourceTree = "<group>"; };
		25FCA75A1900693A00C0AA85 /* MapaVC.h */ = {isa = PBXFileReference; fileEncoding = 4; lastKnownFileType = sourcecode.c.h; path = MapaVC.h; sourceTree = "<group>"; };
		25FCA75B1900693A00C0AA85 /* MapaVC.m */ = {isa = PBXFileReference; fileEncoding = 4; lastKnownFileType = sourcecode.c.objc; path = MapaVC.m; sourceTree = "<group>"; };
		25FCA75D1900693A00C0AA85 /* Model.xcdatamodel */ = {isa = PBXFileReference; lastKnownFileType = wrapper.xcdatamodel; path = Model.xcdatamodel; sourceTree = "<group>"; };
		25FCA75E1900693A00C0AA85 /* MyScene.h */ = {isa = PBXFileReference; fileEncoding = 4; lastKnownFileType = sourcecode.c.h; path = MyScene.h; sourceTree = "<group>"; };
		25FCA75F1900693A00C0AA85 /* MyScene.m */ = {isa = PBXFileReference; fileEncoding = 4; lastKnownFileType = sourcecode.c.objc; path = MyScene.m; sourceTree = "<group>"; };
		25FCA7601900693A00C0AA85 /* OnibusVC.h */ = {isa = PBXFileReference; fileEncoding = 4; lastKnownFileType = sourcecode.c.h; path = OnibusVC.h; sourceTree = "<group>"; };
		25FCA7611900693A00C0AA85 /* OnibusVC.m */ = {isa = PBXFileReference; fileEncoding = 4; lastKnownFileType = sourcecode.c.objc; path = OnibusVC.m; sourceTree = "<group>"; };
		25FCA7621900693A00C0AA85 /* SettingsVC.h */ = {isa = PBXFileReference; fileEncoding = 4; lastKnownFileType = sourcecode.c.h; path = SettingsVC.h; sourceTree = "<group>"; };
		25FCA7631900693A00C0AA85 /* SettingsVC.m */ = {isa = PBXFileReference; fileEncoding = 4; lastKnownFileType = sourcecode.c.objc; path = SettingsVC.m; sourceTree = "<group>"; };
		25FCA7641900693A00C0AA85 /* SocialVC.h */ = {isa = PBXFileReference; fileEncoding = 4; lastKnownFileType = sourcecode.c.h; path = SocialVC.h; sourceTree = "<group>"; };
		25FCA7651900693A00C0AA85 /* SocialVC.m */ = {isa = PBXFileReference; fileEncoding = 4; lastKnownFileType = sourcecode.c.objc; path = SocialVC.m; sourceTree = "<group>"; };
		25FCA7661900693A00C0AA85 /* TaxiVC.h */ = {isa = PBXFileReference; fileEncoding = 4; lastKnownFileType = sourcecode.c.h; path = TaxiVC.h; sourceTree = "<group>"; };
		25FCA7671900693A00C0AA85 /* TaxiVC.m */ = {isa = PBXFileReference; fileEncoding = 4; lastKnownFileType = sourcecode.c.objc; path = TaxiVC.m; sourceTree = "<group>"; };
		25FCA7681900693A00C0AA85 /* ViewController.h */ = {isa = PBXFileReference; fileEncoding = 4; lastKnownFileType = sourcecode.c.h; path = ViewController.h; sourceTree = "<group>"; };
		25FCA7691900693A00C0AA85 /* ViewController.m */ = {isa = PBXFileReference; fileEncoding = 4; lastKnownFileType = sourcecode.c.objc; path = ViewController.m; sourceTree = "<group>"; };
		25FCA7781900694400C0AA85 /* 14169905_s.jpg */ = {isa = PBXFileReference; lastKnownFileType = image.jpeg; path = 14169905_s.jpg; sourceTree = "<group>"; };
		25FCA7791900694400C0AA85 /* cabeca.png */ = {isa = PBXFileReference; lastKnownFileType = image.png; path = cabeca.png; sourceTree = "<group>"; };
		25FCA77A1900694400C0AA85 /* dologo.png */ = {isa = PBXFileReference; lastKnownFileType = image.png; path = dologo.png; sourceTree = "<group>"; };
		25FCA77C1900694400C0AA85 /* bus25.png */ = {isa = PBXFileReference; lastKnownFileType = image.png; path = bus25.png; sourceTree = "<group>"; };
		25FCA77D1900694400C0AA85 /* facebook24.png */ = {isa = PBXFileReference; lastKnownFileType = image.png; path = facebook24.png; sourceTree = "<group>"; };
		25FCA77E1900694400C0AA85 /* hands-shake.png */ = {isa = PBXFileReference; lastKnownFileType = image.png; path = "hands-shake.png"; sourceTree = "<group>"; };
		25FCA77F1900694400C0AA85 /* locateButton.png */ = {isa = PBXFileReference; lastKnownFileType = image.png; path = locateButton.png; sourceTree = "<group>"; };
		25FCA7801900694400C0AA85 /* locateButton@2x.png */ = {isa = PBXFileReference; lastKnownFileType = image.png; path = "locateButton@2x.png"; sourceTree = "<group>"; };
		25FCA7811900694400C0AA85 /* location.png */ = {isa = PBXFileReference; lastKnownFileType = image.png; path = location.png; sourceTree = "<group>"; };
		25FCA7821900694400C0AA85 /* location@2x.png */ = {isa = PBXFileReference; lastKnownFileType = image.png; path = "location@2x.png"; sourceTree = "<group>"; };
		25FCA7831900694400C0AA85 /* map32.png */ = {isa = PBXFileReference; lastKnownFileType = image.png; path = map32.png; sourceTree = "<group>"; };
		25FCA7841900694400C0AA85 /* rsz_map32.png */ = {isa = PBXFileReference; lastKnownFileType = image.png; path = rsz_map32.png; sourceTree = "<group>"; };
		25FCA7851900694400C0AA85 /* taxi1.png */ = {isa = PBXFileReference; lastKnownFileType = image.png; path = taxi1.png; sourceTree = "<group>"; };
		25FCA7861900694400C0AA85 /* telephone45.png */ = {isa = PBXFileReference; lastKnownFileType = image.png; path = telephone45.png; sourceTree = "<group>"; };
		25FCA7871900694400C0AA85 /* tools.png */ = {isa = PBXFileReference; lastKnownFileType = image.png; path = tools.png; sourceTree = "<group>"; };
		25FCA7881900694400C0AA85 /* unhealthy.png */ = {isa = PBXFileReference; lastKnownFileType = image.png; path = unhealthy.png; sourceTree = "<group>"; };
		25FCA7891900694400C0AA85 /* Mussum.jpg */ = {isa = PBXFileReference; lastKnownFileType = image.jpeg; path = Mussum.jpg; sourceTree = "<group>"; };
		25FCA78A1900694400C0AA85 /* Spaceship.png */ = {isa = PBXFileReference; lastKnownFileType = image.png; path = Spaceship.png; sourceTree = "<group>"; };
		25FCA79D19006A5A00C0AA85 /* FacebookSDK.framework */ = {isa = PBXFileReference; lastKnownFileType = wrapper.framework; name = FacebookSDK.framework; path = ../../../Documents/FacebookSDK/FacebookSDK.framework; sourceTree = "<group>"; };
		25FCA7A01900739800C0AA85 /* DTAlertView.h */ = {isa = PBXFileReference; fileEncoding = 4; lastKnownFileType = sourcecode.c.h; path = DTAlertView.h; sourceTree = "<group>"; };
		25FCA7A11900739800C0AA85 /* DTAlertView.m */ = {isa = PBXFileReference; fileEncoding = 4; lastKnownFileType = sourcecode.c.objc; path = DTAlertView.m; sourceTree = "<group>"; };
		25FCA7A21900739800C0AA85 /* DTProgressStatus.h */ = {isa = PBXFileReference; fileEncoding = 4; lastKnownFileType = sourcecode.c.h; path = DTProgressStatus.h; sourceTree = "<group>"; };
		25FCA7A31900739800C0AA85 /* DTProgressStatus.m */ = {isa = PBXFileReference; fileEncoding = 4; lastKnownFileType = sourcecode.c.objc; path = DTProgressStatus.m; sourceTree = "<group>"; };
		F70D6E8A18F8A99000238937 /* iBafometro.app */ = {isa = PBXFileReference; explicitFileType = wrapper.application; includeInIndex = 0; path = iBafometro.app; sourceTree = BUILT_PRODUCTS_DIR; };
		F70D6E8D18F8A99000238937 /* Foundation.framework */ = {isa = PBXFileReference; lastKnownFileType = wrapper.framework; name = Foundation.framework; path = System/Library/Frameworks/Foundation.framework; sourceTree = SDKROOT; };
		F70D6E8F18F8A99000238937 /* CoreGraphics.framework */ = {isa = PBXFileReference; lastKnownFileType = wrapper.framework; name = CoreGraphics.framework; path = System/Library/Frameworks/CoreGraphics.framework; sourceTree = SDKROOT; };
		F70D6E9118F8A99000238937 /* UIKit.framework */ = {isa = PBXFileReference; lastKnownFileType = wrapper.framework; name = UIKit.framework; path = System/Library/Frameworks/UIKit.framework; sourceTree = SDKROOT; };
		F70D6E9518F8A99000238937 /* iBafometro-Info.plist */ = {isa = PBXFileReference; lastKnownFileType = text.plist.xml; path = "iBafometro-Info.plist"; sourceTree = "<group>"; };
		F70D6E9718F8A99000238937 /* en */ = {isa = PBXFileReference; lastKnownFileType = text.plist.strings; name = en; path = en.lproj/InfoPlist.strings; sourceTree = "<group>"; };
		F70D6E9918F8A99000238937 /* main.m */ = {isa = PBXFileReference; lastKnownFileType = sourcecode.c.objc; path = main.m; sourceTree = "<group>"; };
		F70D6E9B18F8A99000238937 /* iBafometro-Prefix.pch */ = {isa = PBXFileReference; lastKnownFileType = sourcecode.c.h; path = "iBafometro-Prefix.pch"; sourceTree = "<group>"; };
		F70D6E9C18F8A99000238937 /* AppDelegate.h */ = {isa = PBXFileReference; lastKnownFileType = sourcecode.c.h; path = AppDelegate.h; sourceTree = "<group>"; };
		F70D6E9D18F8A99000238937 /* AppDelegate.m */ = {isa = PBXFileReference; lastKnownFileType = sourcecode.c.objc; path = AppDelegate.m; sourceTree = "<group>"; };
		F70D6EA018F8A99000238937 /* Base */ = {isa = PBXFileReference; lastKnownFileType = file.storyboard; name = Base; path = Base.lproj/Main_iPhone.storyboard; sourceTree = "<group>"; };
		F70D6EAB18F8A99000238937 /* Images.xcassets */ = {isa = PBXFileReference; lastKnownFileType = folder.assetcatalog; path = Images.xcassets; sourceTree = "<group>"; };
		F70D6EB118F8A99000238937 /* iBafometroTests.xctest */ = {isa = PBXFileReference; explicitFileType = wrapper.cfbundle; includeInIndex = 0; path = iBafometroTests.xctest; sourceTree = BUILT_PRODUCTS_DIR; };
		F70D6EB218F8A99000238937 /* XCTest.framework */ = {isa = PBXFileReference; lastKnownFileType = wrapper.framework; name = XCTest.framework; path = Library/Frameworks/XCTest.framework; sourceTree = DEVELOPER_DIR; };
		F70D6EBA18F8A99000238937 /* iBafometroTests-Info.plist */ = {isa = PBXFileReference; lastKnownFileType = text.plist.xml; path = "iBafometroTests-Info.plist"; sourceTree = "<group>"; };
		F70D6EBC18F8A99000238937 /* en */ = {isa = PBXFileReference; lastKnownFileType = text.plist.strings; name = en; path = en.lproj/InfoPlist.strings; sourceTree = "<group>"; };
		F70D6EBE18F8A99000238937 /* iBafometroTests.m */ = {isa = PBXFileReference; lastKnownFileType = sourcecode.c.objc; path = iBafometroTests.m; sourceTree = "<group>"; };
		F70D6ECB18F8AA6C00238937 /* MapKit.framework */ = {isa = PBXFileReference; lastKnownFileType = wrapper.framework; name = MapKit.framework; path = System/Library/Frameworks/MapKit.framework; sourceTree = SDKROOT; };
		F70D6ECD18F8AA7700238937 /* CoreLocation.framework */ = {isa = PBXFileReference; lastKnownFileType = wrapper.framework; name = CoreLocation.framework; path = System/Library/Frameworks/CoreLocation.framework; sourceTree = SDKROOT; };
		F70D6ECF18F8AACF00238937 /* InterfaceBuilderKit.framework */ = {isa = PBXFileReference; lastKnownFileType = wrapper.framework; name = InterfaceBuilderKit.framework; path = Library/Frameworks/InterfaceBuilderKit.framework; sourceTree = DEVELOPER_DIR; };
		F7446079190185B80078A82E /* Bafometro.h */ = {isa = PBXFileReference; fileEncoding = 4; lastKnownFileType = sourcecode.c.h; name = Bafometro.h; path = Bafometro/Bafometro.h; sourceTree = "<group>"; };
		F744607A190185B80078A82E /* Bafometro.m */ = {isa = PBXFileReference; fileEncoding = 4; lastKnownFileType = sourcecode.c.objc; name = Bafometro.m; path = Bafometro/Bafometro.m; sourceTree = "<group>"; };
		F744607C1901B92C0078A82E /* PontosOnibus.h */ = {isa = PBXFileReference; fileEncoding = 4; lastKnownFileType = sourcecode.c.h; name = PontosOnibus.h; path = PontosOnibus/PontosOnibus.h; sourceTree = "<group>"; };
		F744607D1901B92C0078A82E /* PontosOnibus.m */ = {isa = PBXFileReference; fileEncoding = 4; lastKnownFileType = sourcecode.c.objc; name = PontosOnibus.m; path = PontosOnibus/PontosOnibus.m; sourceTree = "<group>"; };
		F744607F1901DAFE0078A82E /* busstop.png */ = {isa = PBXFileReference; lastKnownFileType = image.png; path = busstop.png; sourceTree = "<group>"; };
		F7A5665618F8BB6F00B5B20A /* NSString+HexColor.h */ = {isa = PBXFileReference; fileEncoding = 4; lastKnownFileType = sourcecode.c.h; path = "NSString+HexColor.h"; sourceTree = "<group>"; };
		F7A5665718F8BB6F00B5B20A /* NSString+HexColor.m */ = {isa = PBXFileReference; fileEncoding = 4; lastKnownFileType = sourcecode.c.objc; path = "NSString+HexColor.m"; sourceTree = "<group>"; };
		F7A5665818F8BB6F00B5B20A /* UIView+Layout.h */ = {isa = PBXFileReference; fileEncoding = 4; lastKnownFileType = sourcecode.c.h; path = "UIView+Layout.h"; sourceTree = "<group>"; };
		F7AF810818F9DD840078C410 /* Twitter.framework */ = {isa = PBXFileReference; lastKnownFileType = wrapper.framework; name = Twitter.framework; path = System/Library/Frameworks/Twitter.framework; sourceTree = SDKROOT; };
		F7AF810A18F9DD930078C410 /* Accounts.framework */ = {isa = PBXFileReference; lastKnownFileType = wrapper.framework; name = Accounts.framework; path = System/Library/Frameworks/Accounts.framework; sourceTree = SDKROOT; };
		F7AF810C18F9DDA10078C410 /* Social.framework */ = {isa = PBXFileReference; lastKnownFileType = wrapper.framework; name = Social.framework; path = System/Library/Frameworks/Social.framework; sourceTree = SDKROOT; };
		F7AF815118FA264E0078C410 /* PNBar.h */ = {isa = PBXFileReference; fileEncoding = 4; lastKnownFileType = sourcecode.c.h; path = PNBar.h; sourceTree = "<group>"; };
		F7AF815218FA264E0078C410 /* PNBar.m */ = {isa = PBXFileReference; fileEncoding = 4; lastKnownFileType = sourcecode.c.objc; path = PNBar.m; sourceTree = "<group>"; };
		F7AF815318FA264E0078C410 /* PNBarChart.h */ = {isa = PBXFileReference; fileEncoding = 4; lastKnownFileType = sourcecode.c.h; path = PNBarChart.h; sourceTree = "<group>"; };
		F7AF815418FA264E0078C410 /* PNBarChart.m */ = {isa = PBXFileReference; fileEncoding = 4; lastKnownFileType = sourcecode.c.objc; path = PNBarChart.m; sourceTree = "<group>"; };
		F7AF815518FA264E0078C410 /* PNChart.h */ = {isa = PBXFileReference; fileEncoding = 4; lastKnownFileType = sourcecode.c.h; path = PNChart.h; sourceTree = "<group>"; };
		F7AF815618FA264E0078C410 /* PNChartDelegate.h */ = {isa = PBXFileReference; fileEncoding = 4; lastKnownFileType = sourcecode.c.h; path = PNChartDelegate.h; sourceTree = "<group>"; };
		F7AF815718FA264E0078C410 /* PNChartLabel.h */ = {isa = PBXFileReference; fileEncoding = 4; lastKnownFileType = sourcecode.c.h; path = PNChartLabel.h; sourceTree = "<group>"; };
		F7AF815818FA264E0078C410 /* PNChartLabel.m */ = {isa = PBXFileReference; fileEncoding = 4; lastKnownFileType = sourcecode.c.objc; path = PNChartLabel.m; sourceTree = "<group>"; };
		F7AF815918FA264E0078C410 /* PNCircleChart.h */ = {isa = PBXFileReference; fileEncoding = 4; lastKnownFileType = sourcecode.c.h; path = PNCircleChart.h; sourceTree = "<group>"; };
		F7AF815A18FA264E0078C410 /* PNCircleChart.m */ = {isa = PBXFileReference; fileEncoding = 4; lastKnownFileType = sourcecode.c.objc; path = PNCircleChart.m; sourceTree = "<group>"; };
		F7AF815B18FA264E0078C410 /* PNColor.h */ = {isa = PBXFileReference; fileEncoding = 4; lastKnownFileType = sourcecode.c.h; path = PNColor.h; sourceTree = "<group>"; };
		F7AF815C18FA264E0078C410 /* PNColor.m */ = {isa = PBXFileReference; fileEncoding = 4; lastKnownFileType = sourcecode.c.objc; path = PNColor.m; sourceTree = "<group>"; };
		F7AF815D18FA264E0078C410 /* PNLineChart.h */ = {isa = PBXFileReference; fileEncoding = 4; lastKnownFileType = sourcecode.c.h; path = PNLineChart.h; sourceTree = "<group>"; };
		F7AF815E18FA264E0078C410 /* PNLineChart.m */ = {isa = PBXFileReference; fileEncoding = 4; lastKnownFileType = sourcecode.c.objc; path = PNLineChart.m; sourceTree = "<group>"; };
		F7AF815F18FA264E0078C410 /* PNLineChartData.h */ = {isa = PBXFileReference; fileEncoding = 4; lastKnownFileType = sourcecode.c.h; path = PNLineChartData.h; sourceTree = "<group>"; };
		F7AF816018FA264E0078C410 /* PNLineChartData.m */ = {isa = PBXFileReference; fileEncoding = 4; lastKnownFileType = sourcecode.c.objc; path = PNLineChartData.m; sourceTree = "<group>"; };
		F7AF816118FA264E0078C410 /* PNLineChartDataItem.h */ = {isa = PBXFileReference; fileEncoding = 4; lastKnownFileType = sourcecode.c.h; path = PNLineChartDataItem.h; sourceTree = "<group>"; };
		F7AF816218FA264E0078C410 /* PNLineChartDataItem.m */ = {isa = PBXFileReference; fileEncoding = 4; lastKnownFileType = sourcecode.c.objc; path = PNLineChartDataItem.m; sourceTree = "<group>"; };
		F7AF816318FA264E0078C410 /* UICountingLabel.h */ = {isa = PBXFileReference; fileEncoding = 4; lastKnownFileType = sourcecode.c.h; path = UICountingLabel.h; sourceTree = "<group>"; };
		F7AF816418FA264E0078C410 /* UICountingLabel.m */ = {isa = PBXFileReference; fileEncoding = 4; lastKnownFileType = sourcecode.c.objc; path = UICountingLabel.m; sourceTree = "<group>"; };
		F7AF816E18FA27C80078C410 /* QuartzCore.framework */ = {isa = PBXFileReference; lastKnownFileType = wrapper.framework; name = QuartzCore.framework; path = System/Library/Frameworks/QuartzCore.framework; sourceTree = SDKROOT; };
		F7AF817118FA2A4D0078C410 /* AudioQueueObject.h */ = {isa = PBXFileReference; fileEncoding = 4; lastKnownFileType = sourcecode.c.h; path = AudioQueueObject.h; sourceTree = "<group>"; };
		F7AF817218FA2A4D0078C410 /* AudioQueueObject.m */ = {isa = PBXFileReference; fileEncoding = 4; lastKnownFileType = sourcecode.c.objc; path = AudioQueueObject.m; sourceTree = "<group>"; };
		F7AF817318FA2A4D0078C410 /* AudioSignalAnalyzer.h */ = {isa = PBXFileReference; fileEncoding = 4; lastKnownFileType = sourcecode.c.h; path = AudioSignalAnalyzer.h; sourceTree = "<group>"; };
		F7AF817418FA2A4D0078C410 /* AudioSignalAnalyzer.m */ = {isa = PBXFileReference; fileEncoding = 4; lastKnownFileType = sourcecode.c.objc; path = AudioSignalAnalyzer.m; sourceTree = "<group>"; };
		F7AF817518FA2A4D0078C410 /* AudioSignalGenerator.h */ = {isa = PBXFileReference; fileEncoding = 4; lastKnownFileType = sourcecode.c.h; path = AudioSignalGenerator.h; sourceTree = "<group>"; };
		F7AF817618FA2A4D0078C410 /* AudioSignalGenerator.m */ = {isa = PBXFileReference; fileEncoding = 4; lastKnownFileType = sourcecode.c.objc; path = AudioSignalGenerator.m; sourceTree = "<group>"; };
		F7AF817718FA2A4D0078C410 /* CharReceiver.h */ = {isa = PBXFileReference; fileEncoding = 4; lastKnownFileType = sourcecode.c.h; path = CharReceiver.h; sourceTree = "<group>"; };
		F7AF817818FA2A4D0078C410 /* FSKByteQueue.h */ = {isa = PBXFileReference; fileEncoding = 4; lastKnownFileType = sourcecode.c.h; path = FSKByteQueue.h; sourceTree = "<group>"; };
		F7AF817918FA2A4D0078C410 /* FSKModemConfig.h */ = {isa = PBXFileReference; fileEncoding = 4; lastKnownFileType = sourcecode.c.h; path = FSKModemConfig.h; sourceTree = "<group>"; };
		F7AF817A18FA2A4D0078C410 /* FSKRecognizer.h */ = {isa = PBXFileReference; fileEncoding = 4; lastKnownFileType = sourcecode.c.h; path = FSKRecognizer.h; sourceTree = "<group>"; };
		F7AF817B18FA2A4D0078C410 /* FSKRecognizer.mm */ = {isa = PBXFileReference; fileEncoding = 4; lastKnownFileType = sourcecode.cpp.objcpp; path = FSKRecognizer.mm; sourceTree = "<group>"; };
		F7AF817C18FA2A4D0078C410 /* FSKSerialGenerator.h */ = {isa = PBXFileReference; fileEncoding = 4; lastKnownFileType = sourcecode.c.h; path = FSKSerialGenerator.h; sourceTree = "<group>"; };
		F7AF817D18FA2A4D0078C410 /* FSKSerialGenerator.mm */ = {isa = PBXFileReference; fileEncoding = 4; lastKnownFileType = sourcecode.cpp.objcpp; path = FSKSerialGenerator.mm; sourceTree = "<group>"; };
		F7AF817E18FA2A4D0078C410 /* lockfree.h */ = {isa = PBXFileReference; fileEncoding = 4; lastKnownFileType = sourcecode.c.h; path = lockfree.h; sourceTree = "<group>"; };
		F7AF817F18FA2A4D0078C410 /* MultiDelegate.h */ = {isa = PBXFileReference; fileEncoding = 4; lastKnownFileType = sourcecode.c.h; path = MultiDelegate.h; sourceTree = "<group>"; };
		F7AF818018FA2A4D0078C410 /* MultiDelegate.m */ = {isa = PBXFileReference; fileEncoding = 4; lastKnownFileType = sourcecode.c.objc; path = MultiDelegate.m; sourceTree = "<group>"; };
		F7AF818118FA2A4D0078C410 /* PatternRecognizer.h */ = {isa = PBXFileReference; fileEncoding = 4; lastKnownFileType = sourcecode.c.h; path = PatternRecognizer.h; sourceTree = "<group>"; };
		F7AF818F18FB82610078C410 /* Localizable.strings */ = {isa = PBXFileReference; fileEncoding = 4; lastKnownFileType = text.plist.strings; path = Localizable.strings; sourceTree = "<group>"; };
		F7CBDE6418FF6C6000164AD5 /* FacebookSDK.framework */ = {isa = PBXFileReference; lastKnownFileType = wrapper.framework; name = FacebookSDK.framework; path = ../../../../Documents/FacebookSDK/FacebookSDK.framework; sourceTree = "<group>"; };
/* End PBXFileReference section */

/* Begin PBXFrameworksBuildPhase section */
		F70D6E8718F8A99000238937 /* Frameworks */ = {
			isa = PBXFrameworksBuildPhase;
			buildActionMask = 2147483647;
			files = (
				25FCA79E19006A5A00C0AA85 /* FacebookSDK.framework in Frameworks */,
				2574CBA818FDA52400DF2254 /* CoreData.framework in Frameworks */,
				F70D6E9018F8A99000238937 /* CoreGraphics.framework in Frameworks */,
				F7AF816F18FA27C80078C410 /* QuartzCore.framework in Frameworks */,
				F7AF810D18F9DDA10078C410 /* Social.framework in Frameworks */,
				F7AF810B18F9DD930078C410 /* Accounts.framework in Frameworks */,
				F7AF810918F9DD840078C410 /* Twitter.framework in Frameworks */,
				F70D6ECE18F8AA7700238937 /* CoreLocation.framework in Frameworks */,
				F70D6ECC18F8AA6C00238937 /* MapKit.framework in Frameworks */,
				F70D6E9218F8A99000238937 /* UIKit.framework in Frameworks */,
				F70D6E8E18F8A99000238937 /* Foundation.framework in Frameworks */,
			);
			runOnlyForDeploymentPostprocessing = 0;
		};
		F70D6EAE18F8A99000238937 /* Frameworks */ = {
			isa = PBXFrameworksBuildPhase;
			buildActionMask = 2147483647;
			files = (
				F70D6EB318F8A99000238937 /* XCTest.framework in Frameworks */,
				F70D6EB518F8A99000238937 /* UIKit.framework in Frameworks */,
				F70D6EB418F8A99000238937 /* Foundation.framework in Frameworks */,
			);
			runOnlyForDeploymentPostprocessing = 0;
		};
/* End PBXFrameworksBuildPhase section */

/* Begin PBXGroup section */
		25FCA7501900693A00C0AA85 /* Controller */ = {
			isa = PBXGroup;
			children = (
				25FCA7511900693A00C0AA85 /* AmigosVC.h */,
				25FCA7521900693A00C0AA85 /* AmigosVC.m */,
				25FCA7531900693A00C0AA85 /* BafometroVC.h */,
				25FCA7541900693A00C0AA85 /* BafometroVC.m */,
				25FCA7551900693A00C0AA85 /* LoginVC.h */,
				25FCA7561900693A00C0AA85 /* LoginVC.m */,
				25FCA7581900693A00C0AA85 /* MainTabVC.h */,
				25FCA7591900693A00C0AA85 /* MainTabVC.m */,
				25FCA75A1900693A00C0AA85 /* MapaVC.h */,
				25FCA75B1900693A00C0AA85 /* MapaVC.m */,
				25FCA75E1900693A00C0AA85 /* MyScene.h */,
				25FCA75F1900693A00C0AA85 /* MyScene.m */,
				25FCA7601900693A00C0AA85 /* OnibusVC.h */,
				25FCA7611900693A00C0AA85 /* OnibusVC.m */,
				25FCA7621900693A00C0AA85 /* SettingsVC.h */,
				25FCA7631900693A00C0AA85 /* SettingsVC.m */,
				25FCA7641900693A00C0AA85 /* SocialVC.h */,
				25FCA7651900693A00C0AA85 /* SocialVC.m */,
				25FCA7661900693A00C0AA85 /* TaxiVC.h */,
				25FCA7671900693A00C0AA85 /* TaxiVC.m */,
				25FCA7681900693A00C0AA85 /* ViewController.h */,
				25FCA7691900693A00C0AA85 /* ViewController.m */,
				25FCA75C1900693A00C0AA85 /* Model.xcdatamodeld */,
			);
			path = Controller;
			sourceTree = "<group>";
		};
		25FCA7771900694400C0AA85 /* Imagens */ = {
			isa = PBXGroup;
			children = (
				25FCA77B1900694400C0AA85 /* icones */,
				25FCA7781900694400C0AA85 /* 14169905_s.jpg */,
				25FCA7791900694400C0AA85 /* cabeca.png */,
				25FCA77A1900694400C0AA85 /* dologo.png */,
				25FCA7891900694400C0AA85 /* Mussum.jpg */,
				25FCA78A1900694400C0AA85 /* Spaceship.png */,
			);
			name = Imagens;
			sourceTree = "<group>";
		};
		25FCA77B1900694400C0AA85 /* icones */ = {
			isa = PBXGroup;
			children = (
				F744607F1901DAFE0078A82E /* busstop.png */,
				25FCA77C1900694400C0AA85 /* bus25.png */,
				25FCA77D1900694400C0AA85 /* facebook24.png */,
				25FCA77E1900694400C0AA85 /* hands-shake.png */,
				25FCA77F1900694400C0AA85 /* locateButton.png */,
				25FCA7801900694400C0AA85 /* locateButton@2x.png */,
				25FCA7811900694400C0AA85 /* location.png */,
				25FCA7821900694400C0AA85 /* location@2x.png */,
				25FCA7831900694400C0AA85 /* map32.png */,
				25FCA7841900694400C0AA85 /* rsz_map32.png */,
				25FCA7851900694400C0AA85 /* taxi1.png */,
				25FCA7861900694400C0AA85 /* telephone45.png */,
				25FCA7871900694400C0AA85 /* tools.png */,
				25FCA7881900694400C0AA85 /* unhealthy.png */,
			);
			path = icones;
			sourceTree = "<group>";
		};
		25FCA79F1900739800C0AA85 /* DTAlertView */ = {
			isa = PBXGroup;
			children = (
				25FCA7A01900739800C0AA85 /* DTAlertView.h */,
				25FCA7A11900739800C0AA85 /* DTAlertView.m */,
				25FCA7A21900739800C0AA85 /* DTProgressStatus.h */,
				25FCA7A31900739800C0AA85 /* DTProgressStatus.m */,
			);
			path = DTAlertView;
			sourceTree = "<group>";
		};
		F70D6E8118F8A99000238937 = {
			isa = PBXGroup;
			children = (
				F70D6E9318F8A99000238937 /* iBafometro */,
				F70D6EB818F8A99000238937 /* iBafometroTests */,
				F70D6E8C18F8A99000238937 /* Frameworks */,
				F70D6E8B18F8A99000238937 /* Products */,
			);
			sourceTree = "<group>";
		};
		F70D6E8B18F8A99000238937 /* Products */ = {
			isa = PBXGroup;
			children = (
				F70D6E8A18F8A99000238937 /* iBafometro.app */,
				F70D6EB118F8A99000238937 /* iBafometroTests.xctest */,
			);
			name = Products;
			sourceTree = "<group>";
		};
		F70D6E8C18F8A99000238937 /* Frameworks */ = {
			isa = PBXGroup;
			children = (
				25FCA79D19006A5A00C0AA85 /* FacebookSDK.framework */,
				F7CBDE6418FF6C6000164AD5 /* FacebookSDK.framework */,
				2574CBA718FDA52400DF2254 /* CoreData.framework */,
				F7AF816E18FA27C80078C410 /* QuartzCore.framework */,
				F7AF810C18F9DDA10078C410 /* Social.framework */,
				F7AF810A18F9DD930078C410 /* Accounts.framework */,
				F7AF810818F9DD840078C410 /* Twitter.framework */,
				F70D6ECF18F8AACF00238937 /* InterfaceBuilderKit.framework */,
				F70D6ECD18F8AA7700238937 /* CoreLocation.framework */,
				F70D6ECB18F8AA6C00238937 /* MapKit.framework */,
				F70D6E8D18F8A99000238937 /* Foundation.framework */,
				F70D6E8F18F8A99000238937 /* CoreGraphics.framework */,
				F70D6E9118F8A99000238937 /* UIKit.framework */,
				F70D6EB218F8A99000238937 /* XCTest.framework */,
			);
			name = Frameworks;
			sourceTree = "<group>";
		};
		F70D6E9318F8A99000238937 /* iBafometro */ = {
			isa = PBXGroup;
			children = (
				F7A5665418F8BB6F00B5B20A /* Dependencies */,
				25FCA7501900693A00C0AA85 /* Controller */,
				F70D6E9F18F8A99000238937 /* Main_iPhone.storyboard */,
				F70D6E9C18F8A99000238937 /* AppDelegate.h */,
				F70D6E9D18F8A99000238937 /* AppDelegate.m */,
				F70D6EAB18F8A99000238937 /* Images.xcassets */,
				F70D6E9418F8A99000238937 /* Supporting Files */,
			);
			path = iBafometro;
			sourceTree = "<group>";
		};
		F70D6E9418F8A99000238937 /* Supporting Files */ = {
			isa = PBXGroup;
			children = (
				F7AF809318F9A8BB0078C410 /* Imagens */,
				F70D6E9518F8A99000238937 /* iBafometro-Info.plist */,
				F70D6E9618F8A99000238937 /* InfoPlist.strings */,
				F7AF818F18FB82610078C410 /* Localizable.strings */,
				F70D6E9918F8A99000238937 /* main.m */,
				F70D6E9B18F8A99000238937 /* iBafometro-Prefix.pch */,
			);
			name = "Supporting Files";
			sourceTree = "<group>";
		};
		F70D6EB818F8A99000238937 /* iBafometroTests */ = {
			isa = PBXGroup;
			children = (
				F70D6EBE18F8A99000238937 /* iBafometroTests.m */,
				F70D6EB918F8A99000238937 /* Supporting Files */,
			);
			path = iBafometroTests;
			sourceTree = "<group>";
		};
		F70D6EB918F8A99000238937 /* Supporting Files */ = {
			isa = PBXGroup;
			children = (
				F70D6EBA18F8A99000238937 /* iBafometroTests-Info.plist */,
				F70D6EBB18F8A99000238937 /* InfoPlist.strings */,
			);
			name = "Supporting Files";
			sourceTree = "<group>";
		};
		F7A5665418F8BB6F00B5B20A /* Dependencies */ = {
			isa = PBXGroup;
			children = (
				F744607C1901B92C0078A82E /* PontosOnibus.h */,
				F744607D1901B92C0078A82E /* PontosOnibus.m */,
				F7446079190185B80078A82E /* Bafometro.h */,
				F744607A190185B80078A82E /* Bafometro.m */,
				25FCA79F1900739800C0AA85 /* DTAlertView */,
				F7AF817018FA2A4D0078C410 /* SoftModem */,
				F7AF815018FA264E0078C410 /* PNChart */,
				F7A5665518F8BB6F00B5B20A /* FK */,
			);
			path = Dependencies;
			sourceTree = "<group>";
		};
		F7A5665518F8BB6F00B5B20A /* FK */ = {
			isa = PBXGroup;
			children = (
				F7A5665618F8BB6F00B5B20A /* NSString+HexColor.h */,
				F7A5665718F8BB6F00B5B20A /* NSString+HexColor.m */,
				F7A5665818F8BB6F00B5B20A /* UIView+Layout.h */,
			);
			path = FK;
			sourceTree = "<group>";
		};
		F7AF809318F9A8BB0078C410 /* Imagens */ = {
			isa = PBXGroup;
			children = (
				25FCA7771900694400C0AA85 /* Imagens */,
			);
			path = Imagens;
			sourceTree = "<group>";
		};
		F7AF815018FA264E0078C410 /* PNChart */ = {
			isa = PBXGroup;
			children = (
				F7AF815118FA264E0078C410 /* PNBar.h */,
				F7AF815218FA264E0078C410 /* PNBar.m */,
				F7AF815318FA264E0078C410 /* PNBarChart.h */,
				F7AF815418FA264E0078C410 /* PNBarChart.m */,
				F7AF815518FA264E0078C410 /* PNChart.h */,
				F7AF815618FA264E0078C410 /* PNChartDelegate.h */,
				F7AF815718FA264E0078C410 /* PNChartLabel.h */,
				F7AF815818FA264E0078C410 /* PNChartLabel.m */,
				F7AF815918FA264E0078C410 /* PNCircleChart.h */,
				F7AF815A18FA264E0078C410 /* PNCircleChart.m */,
				F7AF815B18FA264E0078C410 /* PNColor.h */,
				F7AF815C18FA264E0078C410 /* PNColor.m */,
				F7AF815D18FA264E0078C410 /* PNLineChart.h */,
				F7AF815E18FA264E0078C410 /* PNLineChart.m */,
				F7AF815F18FA264E0078C410 /* PNLineChartData.h */,
				F7AF816018FA264E0078C410 /* PNLineChartData.m */,
				F7AF816118FA264E0078C410 /* PNLineChartDataItem.h */,
				F7AF816218FA264E0078C410 /* PNLineChartDataItem.m */,
				F7AF816318FA264E0078C410 /* UICountingLabel.h */,
				F7AF816418FA264E0078C410 /* UICountingLabel.m */,
			);
			path = PNChart;
			sourceTree = "<group>";
		};
		F7AF817018FA2A4D0078C410 /* SoftModem */ = {
			isa = PBXGroup;
			children = (
				F7AF817118FA2A4D0078C410 /* AudioQueueObject.h */,
				F7AF817218FA2A4D0078C410 /* AudioQueueObject.m */,
				F7AF817318FA2A4D0078C410 /* AudioSignalAnalyzer.h */,
				F7AF817418FA2A4D0078C410 /* AudioSignalAnalyzer.m */,
				F7AF817518FA2A4D0078C410 /* AudioSignalGenerator.h */,
				F7AF817618FA2A4D0078C410 /* AudioSignalGenerator.m */,
				F7AF817718FA2A4D0078C410 /* CharReceiver.h */,
				F7AF817818FA2A4D0078C410 /* FSKByteQueue.h */,
				F7AF817918FA2A4D0078C410 /* FSKModemConfig.h */,
				F7AF817A18FA2A4D0078C410 /* FSKRecognizer.h */,
				F7AF817B18FA2A4D0078C410 /* FSKRecognizer.mm */,
				F7AF817C18FA2A4D0078C410 /* FSKSerialGenerator.h */,
				F7AF817D18FA2A4D0078C410 /* FSKSerialGenerator.mm */,
				F7AF817E18FA2A4D0078C410 /* lockfree.h */,
				F7AF817F18FA2A4D0078C410 /* MultiDelegate.h */,
				F7AF818018FA2A4D0078C410 /* MultiDelegate.m */,
				F7AF818118FA2A4D0078C410 /* PatternRecognizer.h */,
			);
			path = SoftModem;
			sourceTree = "<group>";
		};
/* End PBXGroup section */

/* Begin PBXNativeTarget section */
		F70D6E8918F8A99000238937 /* iBafometro */ = {
			isa = PBXNativeTarget;
			buildConfigurationList = F70D6EC218F8A99000238937 /* Build configuration list for PBXNativeTarget "iBafometro" */;
			buildPhases = (
				F70D6E8618F8A99000238937 /* Sources */,
				F70D6E8718F8A99000238937 /* Frameworks */,
				F70D6E8818F8A99000238937 /* Resources */,
			);
			buildRules = (
			);
			dependencies = (
			);
			name = iBafometro;
			productName = iBafometro;
			productReference = F70D6E8A18F8A99000238937 /* iBafometro.app */;
			productType = "com.apple.product-type.application";
		};
		F70D6EB018F8A99000238937 /* iBafometroTests */ = {
			isa = PBXNativeTarget;
			buildConfigurationList = F70D6EC518F8A99000238937 /* Build configuration list for PBXNativeTarget "iBafometroTests" */;
			buildPhases = (
				F70D6EAD18F8A99000238937 /* Sources */,
				F70D6EAE18F8A99000238937 /* Frameworks */,
				F70D6EAF18F8A99000238937 /* Resources */,
			);
			buildRules = (
			);
			dependencies = (
				F70D6EB718F8A99000238937 /* PBXTargetDependency */,
			);
			name = iBafometroTests;
			productName = iBafometroTests;
			productReference = F70D6EB118F8A99000238937 /* iBafometroTests.xctest */;
			productType = "com.apple.product-type.bundle.unit-test";
		};
/* End PBXNativeTarget section */

/* Begin PBXProject section */
		F70D6E8218F8A99000238937 /* Project object */ = {
			isa = PBXProject;
			attributes = {
				LastUpgradeCheck = 0510;
				ORGANIZATIONNAME = "Ezequiel Franca dos Santos";
				TargetAttributes = {
					F70D6EB018F8A99000238937 = {
						TestTargetID = F70D6E8918F8A99000238937;
					};
				};
			};
			buildConfigurationList = F70D6E8518F8A99000238937 /* Build configuration list for PBXProject "iBafometro" */;
			compatibilityVersion = "Xcode 3.2";
			developmentRegion = English;
			hasScannedForEncodings = 0;
			knownRegions = (
				en,
				Base,
			);
			mainGroup = F70D6E8118F8A99000238937;
			productRefGroup = F70D6E8B18F8A99000238937 /* Products */;
			projectDirPath = "";
			projectRoot = "";
			targets = (
				F70D6E8918F8A99000238937 /* iBafometro */,
				F70D6EB018F8A99000238937 /* iBafometroTests */,
			);
		};
/* End PBXProject section */

/* Begin PBXResourcesBuildPhase section */
		F70D6E8818F8A99000238937 /* Resources */ = {
			isa = PBXResourcesBuildPhase;
			buildActionMask = 2147483647;
			files = (
				25FCA78B1900694400C0AA85 /* 14169905_s.jpg in Resources */,
				25FCA7991900694400C0AA85 /* tools.png in Resources */,
				25FCA7961900694400C0AA85 /* rsz_map32.png in Resources */,
				25FCA7911900694400C0AA85 /* locateButton.png in Resources */,
				25FCA7981900694400C0AA85 /* telephone45.png in Resources */,
				25FCA7901900694400C0AA85 /* hands-shake.png in Resources */,
				25FCA78E1900694400C0AA85 /* bus25.png in Resources */,
				25FCA7941900694400C0AA85 /* location@2x.png in Resources */,
				F70D6EAC18F8A99000238937 /* Images.xcassets in Resources */,
				25FCA78C1900694400C0AA85 /* cabeca.png in Resources */,
				F70D6EA118F8A99000238937 /* Main_iPhone.storyboard in Resources */,
				F7AF819018FB82610078C410 /* Localizable.strings in Resources */,
				25FCA79C1900694400C0AA85 /* Spaceship.png in Resources */,
				25FCA79B1900694400C0AA85 /* Mussum.jpg in Resources */,
				25FCA7921900694400C0AA85 /* locateButton@2x.png in Resources */,
				F74460801901DAFE0078A82E /* busstop.png in Resources */,
				25FCA7951900694400C0AA85 /* map32.png in Resources */,
				25FCA7931900694400C0AA85 /* location.png in Resources */,
				F70D6E9818F8A99000238937 /* InfoPlist.strings in Resources */,
				25FCA78D1900694400C0AA85 /* dologo.png in Resources */,
				25FCA78F1900694400C0AA85 /* facebook24.png in Resources */,
				25FCA79A1900694400C0AA85 /* unhealthy.png in Resources */,
				25FCA7971900694400C0AA85 /* taxi1.png in Resources */,
			);
			runOnlyForDeploymentPostprocessing = 0;
		};
		F70D6EAF18F8A99000238937 /* Resources */ = {
			isa = PBXResourcesBuildPhase;
			buildActionMask = 2147483647;
			files = (
				F70D6EBD18F8A99000238937 /* InfoPlist.strings in Resources */,
			);
			runOnlyForDeploymentPostprocessing = 0;
		};
/* End PBXResourcesBuildPhase section */

/* Begin PBXSourcesBuildPhase section */
		F70D6E8618F8A99000238937 /* Sources */ = {
			isa = PBXSourcesBuildPhase;
			buildActionMask = 2147483647;
			files = (
				25FCA7761900693A00C0AA85 /* ViewController.m in Sources */,
				F7AF818618FA2A4D0078C410 /* FSKSerialGenerator.mm in Sources */,
				25FCA7A41900739800C0AA85 /* DTAlertView.m in Sources */,
				F7AF816518FA264E0078C410 /* PNBar.m in Sources */,
				F7AF816D18FA264E0078C410 /* UICountingLabel.m in Sources */,
				25FCA7751900693A00C0AA85 /* TaxiVC.m in Sources */,
				F744607B190185B80078A82E /* Bafometro.m in Sources */,
				F7AF816718FA264E0078C410 /* PNChartLabel.m in Sources */,
				F744607E1901B92C0078A82E /* PontosOnibus.m in Sources */,
				25FCA76B1900693A00C0AA85 /* BafometroVC.m in Sources */,
				F7AF816B18FA264E0078C410 /* PNLineChartData.m in Sources */,
				F7A5666B18F8BB6F00B5B20A /* NSString+HexColor.m in Sources */,
				25FCA7741900693A00C0AA85 /* SocialVC.m in Sources */,
				F7AF818518FA2A4D0078C410 /* FSKRecognizer.mm in Sources */,
				F7AF818318FA2A4D0078C410 /* AudioSignalAnalyzer.m in Sources */,
				25FCA76F1900693A00C0AA85 /* MapaVC.m in Sources */,
				F7AF818418FA2A4D0078C410 /* AudioSignalGenerator.m in Sources */,
				25FCA76E1900693A00C0AA85 /* MainTabVC.m in Sources */,
				F7AF818718FA2A4D0078C410 /* MultiDelegate.m in Sources */,
				F7AF816C18FA264E0078C410 /* PNLineChartDataItem.m in Sources */,
				25FCA76A1900693A00C0AA85 /* AmigosVC.m in Sources */,
				F70D6E9E18F8A99000238937 /* AppDelegate.m in Sources */,
				F7AF816918FA264E0078C410 /* PNColor.m in Sources */,
				F7AF816618FA264E0078C410 /* PNBarChart.m in Sources */,
				25FCA7731900693A00C0AA85 /* SettingsVC.m in Sources */,
				25FCA7701900693A00C0AA85 /* Model.xcdatamodeld in Sources */,
				F7AF816818FA264E0078C410 /* PNCircleChart.m in Sources */,
				25FCA76C1900693A00C0AA85 /* LoginVC.m in Sources */,
				F7AF816A18FA264E0078C410 /* PNLineChart.m in Sources */,
				F7AF818218FA2A4D0078C410 /* AudioQueueObject.m in Sources */,
				F70D6E9A18F8A99000238937 /* main.m in Sources */,
				25FCA7721900693A00C0AA85 /* OnibusVC.m in Sources */,
				25FCA7A51900739800C0AA85 /* DTProgressStatus.m in Sources */,
				25FCA7711900693A00C0AA85 /* MyScene.m in Sources */,
			);
			runOnlyForDeploymentPostprocessing = 0;
		};
		F70D6EAD18F8A99000238937 /* Sources */ = {
			isa = PBXSourcesBuildPhase;
			buildActionMask = 2147483647;
			files = (
				F70D6EBF18F8A99000238937 /* iBafometroTests.m in Sources */,
			);
			runOnlyForDeploymentPostprocessing = 0;
		};
/* End PBXSourcesBuildPhase section */

/* Begin PBXTargetDependency section */
		F70D6EB718F8A99000238937 /* PBXTargetDependency */ = {
			isa = PBXTargetDependency;
			target = F70D6E8918F8A99000238937 /* iBafometro */;
			targetProxy = F70D6EB618F8A99000238937 /* PBXContainerItemProxy */;
		};
/* End PBXTargetDependency section */

/* Begin PBXVariantGroup section */
		F70D6E9618F8A99000238937 /* InfoPlist.strings */ = {
			isa = PBXVariantGroup;
			children = (
				F70D6E9718F8A99000238937 /* en */,
			);
			name = InfoPlist.strings;
			sourceTree = "<group>";
		};
		F70D6E9F18F8A99000238937 /* Main_iPhone.storyboard */ = {
			isa = PBXVariantGroup;
			children = (
				F70D6EA018F8A99000238937 /* Base */,
			);
			name = Main_iPhone.storyboard;
			sourceTree = "<group>";
		};
		F70D6EBB18F8A99000238937 /* InfoPlist.strings */ = {
			isa = PBXVariantGroup;
			children = (
				F70D6EBC18F8A99000238937 /* en */,
			);
			name = InfoPlist.strings;
			sourceTree = "<group>";
		};
/* End PBXVariantGroup section */

/* Begin XCBuildConfiguration section */
		F70D6EC018F8A99000238937 /* Debug */ = {
			isa = XCBuildConfiguration;
			buildSettings = {
				ALWAYS_SEARCH_USER_PATHS = NO;
				CLANG_CXX_LANGUAGE_STANDARD = "gnu++0x";
				CLANG_CXX_LIBRARY = "libc++";
				CLANG_ENABLE_MODULES = YES;
				CLANG_ENABLE_OBJC_ARC = YES;
				CLANG_WARN_BOOL_CONVERSION = YES;
				CLANG_WARN_CONSTANT_CONVERSION = YES;
				CLANG_WARN_DIRECT_OBJC_ISA_USAGE = YES_ERROR;
				CLANG_WARN_EMPTY_BODY = YES;
				CLANG_WARN_ENUM_CONVERSION = YES;
				CLANG_WARN_INT_CONVERSION = YES;
				CLANG_WARN_OBJC_ROOT_CLASS = YES_ERROR;
				CLANG_WARN__DUPLICATE_METHOD_MATCH = YES;
				"CODE_SIGN_IDENTITY[sdk=iphoneos*]" = "iPhone Developer";
				COPY_PHASE_STRIP = NO;
				GCC_C_LANGUAGE_STANDARD = gnu99;
				GCC_DYNAMIC_NO_PIC = NO;
				GCC_OPTIMIZATION_LEVEL = 0;
				GCC_PREPROCESSOR_DEFINITIONS = (
					"DEBUG=1",
					"$(inherited)",
				);
				GCC_SYMBOLS_PRIVATE_EXTERN = NO;
				GCC_WARN_64_TO_32_BIT_CONVERSION = YES;
				GCC_WARN_ABOUT_RETURN_TYPE = YES_ERROR;
				GCC_WARN_UNDECLARED_SELECTOR = YES;
				GCC_WARN_UNINITIALIZED_AUTOS = YES_AGGRESSIVE;
				GCC_WARN_UNUSED_FUNCTION = YES;
				GCC_WARN_UNUSED_VARIABLE = YES;
				IPHONEOS_DEPLOYMENT_TARGET = 7.1;
				ONLY_ACTIVE_ARCH = YES;
				SDKROOT = iphoneos;
				TARGETED_DEVICE_FAMILY = "1,2";
			};
			name = Debug;
		};
		F70D6EC118F8A99000238937 /* Release */ = {
			isa = XCBuildConfiguration;
			buildSettings = {
				ALWAYS_SEARCH_USER_PATHS = NO;
				CLANG_CXX_LANGUAGE_STANDARD = "gnu++0x";
				CLANG_CXX_LIBRARY = "libc++";
				CLANG_ENABLE_MODULES = YES;
				CLANG_ENABLE_OBJC_ARC = YES;
				CLANG_WARN_BOOL_CONVERSION = YES;
				CLANG_WARN_CONSTANT_CONVERSION = YES;
				CLANG_WARN_DIRECT_OBJC_ISA_USAGE = YES_ERROR;
				CLANG_WARN_EMPTY_BODY = YES;
				CLANG_WARN_ENUM_CONVERSION = YES;
				CLANG_WARN_INT_CONVERSION = YES;
				CLANG_WARN_OBJC_ROOT_CLASS = YES_ERROR;
				CLANG_WARN__DUPLICATE_METHOD_MATCH = YES;
				"CODE_SIGN_IDENTITY[sdk=iphoneos*]" = "iPhone Developer";
				COPY_PHASE_STRIP = YES;
				ENABLE_NS_ASSERTIONS = NO;
				GCC_C_LANGUAGE_STANDARD = gnu99;
				GCC_WARN_64_TO_32_BIT_CONVERSION = YES;
				GCC_WARN_ABOUT_RETURN_TYPE = YES_ERROR;
				GCC_WARN_UNDECLARED_SELECTOR = YES;
				GCC_WARN_UNINITIALIZED_AUTOS = YES_AGGRESSIVE;
				GCC_WARN_UNUSED_FUNCTION = YES;
				GCC_WARN_UNUSED_VARIABLE = YES;
				IPHONEOS_DEPLOYMENT_TARGET = 7.1;
				SDKROOT = iphoneos;
				TARGETED_DEVICE_FAMILY = "1,2";
				VALIDATE_PRODUCT = YES;
			};
			name = Release;
		};
		F70D6EC318F8A99000238937 /* Debug */ = {
			isa = XCBuildConfiguration;
			buildSettings = {
				ASSETCATALOG_COMPILER_APPICON_NAME = AppIcon;
				ASSETCATALOG_COMPILER_LAUNCHIMAGE_NAME = LaunchImage;
				FRAMEWORK_SEARCH_PATHS = (
					"$(inherited)",
					"$(DEVELOPER_FRAMEWORKS_DIR)",
					/Users/ezefranca/Documents/FacebookSDK,
					/Users/ezequiel.fsantos/Documents/FacebookSDK,
				);
				GCC_PRECOMPILE_PREFIX_HEADER = YES;
				GCC_PREFIX_HEADER = "iBafometro/iBafometro-Prefix.pch";
				INFOPLIST_FILE = "iBafometro/iBafometro-Info.plist";
				PRODUCT_NAME = "$(TARGET_NAME)";
				WRAPPER_EXTENSION = app;
			};
			name = Debug;
		};
		F70D6EC418F8A99000238937 /* Release */ = {
			isa = XCBuildConfiguration;
			buildSettings = {
				ASSETCATALOG_COMPILER_APPICON_NAME = AppIcon;
				ASSETCATALOG_COMPILER_LAUNCHIMAGE_NAME = LaunchImage;
				FRAMEWORK_SEARCH_PATHS = (
					"$(inherited)",
					"$(DEVELOPER_FRAMEWORKS_DIR)",
					/Users/ezefranca/Documents/FacebookSDK,
					/Users/ezequiel.fsantos/Documents/FacebookSDK,
				);
				GCC_PRECOMPILE_PREFIX_HEADER = YES;
				GCC_PREFIX_HEADER = "iBafometro/iBafometro-Prefix.pch";
				INFOPLIST_FILE = "iBafometro/iBafometro-Info.plist";
				PRODUCT_NAME = "$(TARGET_NAME)";
				WRAPPER_EXTENSION = app;
			};
			name = Release;
		};
		F70D6EC618F8A99000238937 /* Debug */ = {
			isa = XCBuildConfiguration;
			buildSettings = {
				BUNDLE_LOADER = "$(BUILT_PRODUCTS_DIR)/iBafometro.app/iBafometro";
				FRAMEWORK_SEARCH_PATHS = (
					"$(SDKROOT)/Developer/Library/Frameworks",
					"$(inherited)",
					"$(DEVELOPER_FRAMEWORKS_DIR)",
				);
				GCC_PRECOMPILE_PREFIX_HEADER = YES;
				GCC_PREFIX_HEADER = "iBafometro/iBafometro-Prefix.pch";
				GCC_PREPROCESSOR_DEFINITIONS = (
					"DEBUG=1",
					"$(inherited)",
				);
				INFOPLIST_FILE = "iBafometroTests/iBafometroTests-Info.plist";
				PRODUCT_NAME = "$(TARGET_NAME)";
				TEST_HOST = "$(BUNDLE_LOADER)";
				WRAPPER_EXTENSION = xctest;
			};
			name = Debug;
		};
		F70D6EC718F8A99000238937 /* Release */ = {
			isa = XCBuildConfiguration;
			buildSettings = {
				BUNDLE_LOADER = "$(BUILT_PRODUCTS_DIR)/iBafometro.app/iBafometro";
				FRAMEWORK_SEARCH_PATHS = (
					"$(SDKROOT)/Developer/Library/Frameworks",
					"$(inherited)",
					"$(DEVELOPER_FRAMEWORKS_DIR)",
				);
				GCC_PRECOMPILE_PREFIX_HEADER = YES;
				GCC_PREFIX_HEADER = "iBafometro/iBafometro-Prefix.pch";
				INFOPLIST_FILE = "iBafometroTests/iBafometroTests-Info.plist";
				PRODUCT_NAME = "$(TARGET_NAME)";
				TEST_HOST = "$(BUNDLE_LOADER)";
				WRAPPER_EXTENSION = xctest;
			};
			name = Release;
		};
/* End XCBuildConfiguration section */

/* Begin XCConfigurationList section */
		F70D6E8518F8A99000238937 /* Build configuration list for PBXProject "iBafometro" */ = {
			isa = XCConfigurationList;
			buildConfigurations = (
				F70D6EC018F8A99000238937 /* Debug */,
				F70D6EC118F8A99000238937 /* Release */,
			);
			defaultConfigurationIsVisible = 0;
			defaultConfigurationName = Release;
		};
		F70D6EC218F8A99000238937 /* Build configuration list for PBXNativeTarget "iBafometro" */ = {
			isa = XCConfigurationList;
			buildConfigurations = (
				F70D6EC318F8A99000238937 /* Debug */,
				F70D6EC418F8A99000238937 /* Release */,
			);
			defaultConfigurationIsVisible = 0;
			defaultConfigurationName = Release;
		};
		F70D6EC518F8A99000238937 /* Build configuration list for PBXNativeTarget "iBafometroTests" */ = {
			isa = XCConfigurationList;
			buildConfigurations = (
				F70D6EC618F8A99000238937 /* Debug */,
				F70D6EC718F8A99000238937 /* Release */,
			);
			defaultConfigurationIsVisible = 0;
			defaultConfigurationName = Release;
		};
/* End XCConfigurationList section */

/* Begin XCVersionGroup section */
		25FCA75C1900693A00C0AA85 /* Model.xcdatamodeld */ = {
			isa = XCVersionGroup;
			children = (
				25FCA75D1900693A00C0AA85 /* Model.xcdatamodel */,
			);
			currentVersion = 25FCA75D1900693A00C0AA85 /* Model.xcdatamodel */;
			path = Model.xcdatamodeld;
			sourceTree = "<group>";
			versionGroupType = wrapper.xcdatamodel;
		};
/* End XCVersionGroup section */
	};
	rootObject = F70D6E8218F8A99000238937 /* Project object */;
}
